
Microsoft Visual Studio Solution File, Format Version 12.00
# Visual Studio Version 16
VisualStudioVersion = 16.0.29806.167
MinimumVisualStudioVersion = 10.0.40219.1
Project("{FAE04EC0-301F-11D3-BF4B-00C04F79EFBC}") = "SalesAndInventory", "SalesAndInventory\SalesAndInventory.csproj", "{87971F1E-80F5-4052-B224-C02B942855DC}"
EndProject
Global
	GlobalSection(SolutionConfigurationPlatforms) = preSolution
		Debug|Any CPU = Debug|Any CPU
		Release|Any CPU = Release|Any CPU
	EndGlobalSection
	GlobalSection(ProjectConfigurationPlatforms) = postSolution
		{87971F1E-80F5-4052-B224-C02B942855DC}.Debug|Any CPU.ActiveCfg = Debug|Any CPU
		{87971F1E-80F5-4052-B224-C02B942855DC}.Debug|Any CPU.Build.0 = Debug|Any CPU
		{87971F1E-80F5-4052-B224-C02B942855DC}.Release|Any CPU.ActiveCfg = Release|Any CPU
		{87971F1E-80F5-4052-B224-C02B942855DC}.Release|Any CPU.Build.0 = Release|Any CPU
	EndGlobalSection
	GlobalSection(SolutionProperties) = preSolution
		HideSolutionNode = FALSE
	EndGlobalSection
	GlobalSection(ExtensibilityGlobals) = postSolution
		SolutionGuid = {C0ED327E-5969-4694-98D0-2D02F4345291}
	EndGlobalSection
EndGlobal
